
Microsoft Visual Studio Solution File, Format Version 12.00
# Visual Studio Version 16
VisualStudioVersion = 16.0.33214.272
MinimumVisualStudioVersion = 10.0.40219.1
Project("{FAE04EC0-301F-11D3-BF4B-00C04F79EFBC}") = "Mission06_cji23", "Mission06_cji23\Mission06_cji23.csproj", "{33DA66F5-22BA-48A6-A1C1-D84D35444FC5}"
EndProject
Global
	GlobalSection(SolutionConfigurationPlatforms) = preSolution
		Debug|Any CPU = Debug|Any CPU
		Release|Any CPU = Release|Any CPU
	EndGlobalSection
	GlobalSection(ProjectConfigurationPlatforms) = postSolution
		{33DA66F5-22BA-48A6-A1C1-D84D35444FC5}.Debug|Any CPU.ActiveCfg = Debug|Any CPU
		{33DA66F5-22BA-48A6-A1C1-D84D35444FC5}.Debug|Any CPU.Build.0 = Debug|Any CPU
		{33DA66F5-22BA-48A6-A1C1-D84D35444FC5}.Release|Any CPU.ActiveCfg = Release|Any CPU
		{33DA66F5-22BA-48A6-A1C1-D84D35444FC5}.Release|Any CPU.Build.0 = Release|Any CPU
	EndGlobalSection
	GlobalSection(SolutionProperties) = preSolution
		HideSolutionNode = FALSE
	EndGlobalSection
	GlobalSection(ExtensibilityGlobals) = postSolution
		SolutionGuid = {096CA122-8EBB-4292-B4D0-91DB0F69B5EF}
	EndGlobalSection
EndGlobal
